
Microsoft Visual Studio Solution File, Format Version 12.00
# Visual Studio Version 16
VisualStudioVersion = 16.0.31321.278
MinimumVisualStudioVersion = 10.0.40219.1
Project("{FAE04EC0-301F-11D3-BF4B-00C04F79EFBC}") = "App.AzureKeyVault", "App.AzureKeyVault\App.AzureKeyVault.csproj", "{60B33E49-2197-47DC-89DF-0D67D1BFE21F}"
EndProject
Global
	GlobalSection(SolutionConfigurationPlatforms) = preSolution
		Debug|Any CPU = Debug|Any CPU
		Release|Any CPU = Release|Any CPU
	EndGlobalSection
	GlobalSection(ProjectConfigurationPlatforms) = postSolution
		{60B33E49-2197-47DC-89DF-0D67D1BFE21F}.Debug|Any CPU.ActiveCfg = Debug|Any CPU
		{60B33E49-2197-47DC-89DF-0D67D1BFE21F}.Debug|Any CPU.Build.0 = Debug|Any CPU
		{60B33E49-2197-47DC-89DF-0D67D1BFE21F}.Release|Any CPU.ActiveCfg = Release|Any CPU
		{60B33E49-2197-47DC-89DF-0D67D1BFE21F}.Release|Any CPU.Build.0 = Release|Any CPU
	EndGlobalSection
	GlobalSection(SolutionProperties) = preSolution
		HideSolutionNode = FALSE
	EndGlobalSection
	GlobalSection(ExtensibilityGlobals) = postSolution
		SolutionGuid = {651546A2-5842-4492-AE85-26203379C665}
	EndGlobalSection
EndGlobal
